PODS:
  - Alamofire (4.9.1)
  - AloeStackView (1.2.0)
  - Hero (1.5.0)
  - Kanna (5.2.3)
  - SVProgressHUD (2.2.5)
  - SwiftLint (0.40.3)
  - UIColor_Hex_Swift (5.1.0)

DEPENDENCIES:
  - Alamofire (~> 4)
  - AloeStackView
  - Hero
  - Kanna
  - SVProgressHUD
  - SwiftLint
  - UIColor_Hex_Swift

SPEC REPOS:
  trunk:
    - Alamofire
    - AloeStackView
    - Hero
    - Kanna
    - SVProgressHUD
    - SwiftLint
    - UIColor_Hex_Swift

SPEC CHECKSUMS:
  Alamofire: 85e8a02c69d6020a0d734f6054870d7ecb75cf18
  AloeStackView: 8a4ce0efa08128dd78d538372f60c76c224034bb
  Hero: b7385b75e7259da62f4f85462f59a5082d66b058
  Kanna: 113d111e95d7e903efe0c3eb7221f7635716084c
  SVProgressHUD: 1428aafac632c1f86f62aa4243ec12008d7a51d6
  SwiftLint: dfd554ff0dff17288ee574814ccdd5cea85d76f7
  UIColor_Hex_Swift: 8be7432edacb7fa91c78aa05ef3c30b66e4f9415

PODFILE CHECKSUM: af3af7d27f04f96fc92f2cb02b82a1d454895100

COCOAPODS: 1.9.3
